// !$*UTF8*$!
{
	archiveVersion = 1;
	classes = {
	};
	objectVersion = 50;
	objects = {

/* Begin PBXBuildFile section */
		F137493424D99C4C001277D7 /* AppDelegate.swift in Sources */ = {isa = PBXBuildFile; fileRef = F137493324D99C4C001277D7 /* AppDelegate.swift */; };
		F137493624D99C4C001277D7 /* SceneDelegate.swift in Sources */ = {isa = PBXBuildFile; fileRef = F137493524D99C4C001277D7 /* SceneDelegate.swift */; };
		F137493924D99C4C001277D7 /* SwiftUIParsingJSON.xcdatamodeld in Sources */ = {isa = PBXBuildFile; fileRef = F137493724D99C4C001277D7 /* SwiftUIParsingJSON.xcdatamodeld */; };
		F137493B24D99C4C001277D7 /* ContentView.swift in Sources */ = {isa = PBXBuildFile; fileRef = F137493A24D99C4C001277D7 /* ContentView.swift */; };
		F137493D24D99C52001277D7 /* Assets.xcassets in Resources */ = {isa = PBXBuildFile; fileRef = F137493C24D99C52001277D7 /* Assets.xcassets */; };
		F137494024D99C52001277D7 /* Preview Assets.xcassets in Resources */ = {isa = PBXBuildFile; fileRef = F137493F24D99C52001277D7 /* Preview Assets.xcassets */; };
		F137494324D99C52001277D7 /* LaunchScreen.storyboard in Resources */ = {isa = PBXBuildFile; fileRef = F137494124D99C52001277D7 /* LaunchScreen.storyboard */; };
		F137494B24D9A0F9001277D7 /* CountryDetail.swift in Sources */ = {isa = PBXBuildFile; fileRef = F137494A24D9A0F9001277D7 /* CountryDetail.swift */; };
/* End PBXBuildFile section */

/* Begin PBXFileReference section */
		F137493024D99C4C001277D7 /* SwiftUIParsingJSON.app */ = {isa = PBXFileReference; explicitFileType = wrapper.application; includeInIndex = 0; path = SwiftUIParsingJSON.app; sourceTree = BUILT_PRODUCTS_DIR; };
		F137493324D99C4C001277D7 /* AppDelegate.swift */ = {isa = PBXFileReference; lastKnownFileType = sourcecode.swift; path = AppDelegate.swift; sourceTree = "<group>"; };
		F137493524D99C4C001277D7 /* SceneDelegate.swift */ = {isa = PBXFileReference; lastKnownFileType = sourcecode.swift; path = SceneDelegate.swift; sourceTree = "<group>"; };
		F137493824D99C4C001277D7 /* SwiftUIParsingJSON.xcdatamodel */ = {isa = PBXFileReference; lastKnownFileType = wrapper.xcdatamodel; path = SwiftUIParsingJSON.xcdatamodel; sourceTree = "<group>"; };
		F137493A24D99C4C001277D7 /* ContentView.swift */ = {isa = PBXFileReference; lastKnownFileType = sourcecode.swift; path = ContentView.swift; sourceTree = "<group>"; };
		F137493C24D99C52001277D7 /* Assets.xcassets */ = {isa = PBXFileReference; lastKnownFileType = folder.assetcatalog; path = Assets.xcassets; sourceTree = "<group>"; };
		F137493F24D99C52001277D7 /* Preview Assets.xcassets */ = {isa = PBXFileReference; lastKnownFileType = folder.assetcatalog; path = "Preview Assets.xcassets"; sourceTree = "<group>"; };
		F137494224D99C52001277D7 /* Base */ = {isa = PBXFileReference; lastKnownFileType = file.storyboard; name = Base; path = Base.lproj/LaunchScreen.storyboard; sourceTree = "<group>"; };
		F137494424D99C52001277D7 /* Info.plist */ = {isa = PBXFileReference; lastKnownFileType = text.plist.xml; path = Info.plist; sourceTree = "<group>"; };
		F137494A24D9A0F9001277D7 /* CountryDetail.swift */ = {isa = PBXFileReference; lastKnownFileType = sourcecode.swift; path = CountryDetail.swift; sourceTree = "<group>"; };
/* End PBXFileReference section */

/* Begin PBXFrameworksBuildPhase section */
		F137492D24D99C4C001277D7 /* Frameworks */ = {
			isa = PBXFrameworksBuildPhase;
			buildActionMask = 2147483647;
			files = (
			);
			runOnlyForDeploymentPostprocessing = 0;
		};
/* End PBXFrameworksBuildPhase section */

/* Begin PBXGroup section */
		F137492724D99C4C001277D7 = {
			isa = PBXGroup;
			children = (
				F137494A24D9A0F9001277D7 /* CountryDetail.swift */,
				F137493224D99C4C001277D7 /* SwiftUIParsingJSON */,
				F137493124D99C4C001277D7 /* Products */,
			);
			sourceTree = "<group>";
		};
		F137493124D99C4C001277D7 /* Products */ = {
			isa = PBXGroup;
			children = (
				F137493024D99C4C001277D7 /* SwiftUIParsingJSON.app */,
			);
			name = Products;
			sourceTree = "<group>";
		};
		F137493224D99C4C001277D7 /* SwiftUIParsingJSON */ = {
			isa = PBXGroup;
			children = (
				F137493324D99C4C001277D7 /* AppDelegate.swift */,
				F137493524D99C4C001277D7 /* SceneDelegate.swift */,
				F137493A24D99C4C001277D7 /* ContentView.swift */,
				F137493C24D99C52001277D7 /* Assets.xcassets */,
				F137494124D99C52001277D7 /* LaunchScreen.storyboard */,
				F137494424D99C52001277D7 /* Info.plist */,
				F137493724D99C4C001277D7 /* SwiftUIParsingJSON.xcdatamodeld */,
				F137493E24D99C52001277D7 /* Preview Content */,
			);
			path = SwiftUIParsingJSON;
			sourceTree = "<group>";
		};
		F137493E24D99C52001277D7 /* Preview Content */ = {
			isa = PBXGroup;
			children = (
				F137493F24D99C52001277D7 /* Preview Assets.xcassets */,
			);
			path = "Preview Content";
			sourceTree = "<group>";
		};
/* End PBXGroup section */

/* Begin PBXNativeTarget section */
		F137492F24D99C4C001277D7 /* SwiftUIParsingJSON */ = {
			isa = PBXNativeTarget;
			buildConfigurationList = F137494724D99C52001277D7 /* Build configuration list for PBXNativeTarget "SwiftUIParsingJSON" */;
			buildPhases = (
				F137492C24D99C4C001277D7 /* Sources */,
				F137492D24D99C4C001277D7 /* Frameworks */,
				F137492E24D99C4C001277D7 /* Resources */,
			);
			buildRules = (
			);
			dependencies = (
			);
			name = SwiftUIParsingJSON;
			productName = SwiftUIParsingJSON;
			productReference = F137493024D99C4C001277D7 /* SwiftUIParsingJSON.app */;
			productType = "com.apple.product-type.application";
		};
/* End PBXNativeTarget section */

/* Begin PBXProject section */
		F137492824D99C4C001277D7 /* Project object */ = {
			isa = PBXProject;
			attributes = {
				LastSwiftUpdateCheck = 1160;
				LastUpgradeCheck = 1160;
				ORGANIZATIONNAME = "Henry Havens";
				TargetAttributes = {
					F137492F24D99C4C001277D7 = {
						CreatedOnToolsVersion = 11.6;
					};
				};
			};
			buildConfigurationList = F137492B24D99C4C001277D7 /* Build configuration list for PBXProject "SwiftUIParsingJSON" */;
			compatibilityVersion = "Xcode 9.3";
			developmentRegion = en;
			hasScannedForEncodings = 0;
			knownRegions = (
				en,
				Base,
			);
			mainGroup = F137492724D99C4C001277D7;
			productRefGroup = F137493124D99C4C001277D7 /* Products */;
			projectDirPath = "";
			projectRoot = "";
			targets = (
				F137492F24D99C4C001277D7 /* SwiftUIParsingJSON */,
			);
		};
/* End PBXProject section */

/* Begin PBXResourcesBuildPhase section */
		F137492E24D99C4C001277D7 /* Resources */ = {
			isa = PBXResourcesBuildPhase;
			buildActionMask = 2147483647;
			files = (
				F137494324D99C52001277D7 /* LaunchScreen.storyboard in Resources */,
				F137494024D99C52001277D7 /* Preview Assets.xcassets in Resources */,
				F137493D24D99C52001277D7 /* Assets.xcassets in Resources */,
			);
			runOnlyForDeploymentPostprocessing = 0;
		};
/* End PBXResourcesBuildPhase section */

/* Begin PBXSourcesBuildPhase section */
		F137492C24D99C4C001277D7 /* Sources */ = {
			isa = PBXSourcesBuildPhase;
			buildActionMask = 2147483647;
			files = (
				F137494B24D9A0F9001277D7 /* CountryDetail.swift in Sources */,
				F137493424D99C4C001277D7 /* AppDelegate.swift in Sources */,
				F137493624D99C4C001277D7 /* SceneDelegate.swift in Sources */,
				F137493B24D99C4C001277D7 /* ContentView.swift in Sources */,
				F137493924D99C4C001277D7 /* SwiftUIParsingJSON.xcdatamodeld in Sources */,
			);
			runOnlyForDeploymentPostprocessing = 0;
		};
/* End PBXSourcesBuildPhase section */

/* Begin PBXVariantGroup section */
		F137494124D99C52001277D7 /* LaunchScreen.storyboard */ = {
			isa = PBXVariantGroup;
			children = (
				F137494224D99C52001277D7 /* Base */,
			);
			name = LaunchScreen.storyboard;
			sourceTree = "<group>";
		};
/* End PBXVariantGroup section */

/* Begin XCBuildConfiguration section */
		F137494524D99C52001277D7 /* Debug */ = {
			isa = XCBuildConfiguration;
			buildSettings = {
				ALWAYS_SEARCH_USER_PATHS = NO;
				CLANG_ANALYZER_NONNULL = YES;
				CLANG_ANALYZER_NUMBER_OBJECT_CONVERSION = YES_AGGRESSIVE;
				CLANG_CXX_LANGUAGE_STANDARD = "gnu++14";
				CLANG_CXX_LIBRARY = "libc++";
				CLANG_ENABLE_MODULES = YES;
				CLANG_ENABLE_OBJC_ARC = YES;
				CLANG_ENABLE_OBJC_WEAK = YES;
				CLANG_WARN_BLOCK_CAPTURE_AUTORELEASING = YES;
				CLANG_WARN_BOOL_CONVERSION = YES;
				CLANG_WARN_COMMA = YES;
				CLANG_WARN_CONSTANT_CONVERSION = YES;
				CLANG_WARN_DEPRECATED_OBJC_IMPLEMENTATIONS = YES;
				CLANG_WARN_DIRECT_OBJC_ISA_USAGE = YES_ERROR;
				CLANG_WARN_DOCUMENTATION_COMMENTS = YES;
				CLANG_WARN_EMPTY_BODY = YES;
				CLANG_WARN_ENUM_CONVERSION = YES;
				CLANG_WARN_INFINITE_RECURSION = YES;
				CLANG_WARN_INT_CONVERSION = YES;
				CLANG_WARN_NON_LITERAL_NULL_CONVERSION = YES;
				CLANG_WARN_OBJC_IMPLICIT_RETAIN_SELF = YES;
				CLANG_WARN_OBJC_LITERAL_CONVERSION = YES;
				CLANG_WARN_OBJC_ROOT_CLASS = YES_ERROR;
				CLANG_WARN_RANGE_LOOP_ANALYSIS = YES;
				CLANG_WARN_STRICT_PROTOTYPES = YES;
				CLANG_WARN_SUSPICIOUS_MOVE = YES;
				CLANG_WARN_UNGUARDED_AVAILABILITY = YES_AGGRESSIVE;
				CLANG_WARN_UNREACHABLE_CODE = YES;
				CLANG_WARN__DUPLICATE_METHOD_MATCH = YES;
				COPY_PHASE_STRIP = NO;
				DEBUG_INFORMATION_FORMAT = dwarf;
				ENABLE_STRICT_OBJC_MSGSEND = YES;
				ENABLE_TESTABILITY = YES;
				GCC_C_LANGUAGE_STANDARD = gnu11;
				GCC_DYNAMIC_NO_PIC = NO;
				GCC_NO_COMMON_BLOCKS = YES;
				GCC_OPTIMIZATION_LEVEL = 0;
				GCC_PREPROCESSOR_DEFINITIONS = (
					"DEBUG=1",
					"$(inherited)",
				);
				GCC_WARN_64_TO_32_BIT_CONVERSION = YES;
				GCC_WARN_ABOUT_RETURN_TYPE = YES_ERROR;
				GCC_WARN_UNDECLARED_SELECTOR = YES;
				GCC_WARN_UNINITIALIZED_AUTOS = YES_AGGRESSIVE;
				GCC_WARN_UNUSED_FUNCTION = YES;
				GCC_WARN_UNUSED_VARIABLE = YES;
				IPHONEOS_DEPLOYMENT_TARGET = 13.6;
				MTL_ENABLE_DEBUG_INFO = INCLUDE_SOURCE;
				MTL_FAST_MATH = YES;
				ONLY_ACTIVE_ARCH = YES;
				SDKROOT = iphoneos;
				SWIFT_ACTIVE_COMPILATION_CONDITIONS = DEBUG;
				SWIFT_OPTIMIZATION_LEVEL = "-Onone";
			};
			name = Debug;
		};
		F137494624D99C52001277D7 /* Release */ = {
			isa = XCBuildConfiguration;
			buildSettings = {
				ALWAYS_SEARCH_USER_PATHS = NO;
				CLANG_ANALYZER_NONNULL = YES;
				CLANG_ANALYZER_NUMBER_OBJECT_CONVERSION = YES_AGGRESSIVE;
				CLANG_CXX_LANGUAGE_STANDARD = "gnu++14";
				CLANG_CXX_LIBRARY = "libc++";
				CLANG_ENABLE_MODULES = YES;
				CLANG_ENABLE_OBJC_ARC = YES;
				CLANG_ENABLE_OBJC_WEAK = YES;
				CLANG_WARN_BLOCK_CAPTURE_AUTORELEASING = YES;
				CLANG_WARN_BOOL_CONVERSION = YES;
				CLANG_WARN_COMMA = YES;
				CLANG_WARN_CONSTANT_CONVERSION = YES;
				CLANG_WARN_DEPRECATED_OBJC_IMPLEMENTATIONS = YES;
				CLANG_WARN_DIRECT_OBJC_ISA_USAGE = YES_ERROR;
				CLANG_WARN_DOCUMENTATION_COMMENTS = YES;
				CLANG_WARN_EMPTY_BODY = YES;
				CLANG_WARN_ENUM_CONVERSION = YES;
				CLANG_WARN_INFINITE_RECURSION = YES;
				CLANG_WARN_INT_CONVERSION = YES;
				CLANG_WARN_NON_LITERAL_NULL_CONVERSION = YES;
				CLANG_WARN_OBJC_IMPLICIT_RETAIN_SELF = YES;
				CLANG_WARN_OBJC_LITERAL_CONVERSION = YES;
				CLANG_WARN_OBJC_ROOT_CLASS = YES_ERROR;
				CLANG_WARN_RANGE_LOOP_ANALYSIS = YES;
				CLANG_WARN_STRICT_PROTOTYPES = YES;
				CLANG_WARN_SUSPICIOUS_MOVE = YES;
				CLANG_WARN_UNGUARDED_AVAILABILITY = YES_AGGRESSIVE;
				CLANG_WARN_UNREACHABLE_CODE = YES;
				CLANG_WARN__DUPLICATE_METHOD_MATCH = YES;
				COPY_PHASE_STRIP = NO;
				DEBUG_INFORMATION_FORMAT = "dwarf-with-dsym";
				ENABLE_NS_ASSERTIONS = NO;
				ENABLE_STRICT_OBJC_MSGSEND = YES;
				GCC_C_LANGUAGE_STANDARD = gnu11;
				GCC_NO_COMMON_BLOCKS = YES;
				GCC_WARN_64_TO_32_BIT_CONVERSION = YES;
				GCC_WARN_ABOUT_RETURN_TYPE = YES_ERROR;
				GCC_WARN_UNDECLARED_SELECTOR = YES;
				GCC_WARN_UNINITIALIZED_AUTOS = YES_AGGRESSIVE;
				GCC_WARN_UNUSED_FUNCTION = YES;
				GCC_WARN_UNUSED_VARIABLE = YES;
				IPHONEOS_DEPLOYMENT_TARGET = 13.6;
				MTL_ENABLE_DEBUG_INFO = NO;
				MTL_FAST_MATH = YES;
				SDKROOT = iphoneos;
				SWIFT_COMPILATION_MODE = wholemodule;
				SWIFT_OPTIMIZATION_LEVEL = "-O";
				VALIDATE_PRODUCT = YES;
			};
			name = Release;
		};
		F137494824D99C52001277D7 /* Debug */ = {
			isa = XCBuildConfiguration;
			buildSettings = {
				ASSETCATALOG_COMPILER_APPICON_NAME = AppIcon;
				CODE_SIGN_STYLE = Automatic;
				DEVELOPMENT_ASSET_PATHS = "\"SwiftUIParsingJSON/Preview Content\"";
				DEVELOPMENT_TEAM = V2CL8ZA4YA;
				ENABLE_PREVIEWS = YES;
				INFOPLIST_FILE = SwiftUIParsingJSON/Info.plist;
				LD_RUNPATH_SEARCH_PATHS = (
					"$(inherited)",
					"@executable_path/Frameworks",
				);
				PRODUCT_BUNDLE_IDENTIFIER = my.identifier.SwiftUIParsingJSON;
				PRODUCT_NAME = "$(TARGET_NAME)";
				SWIFT_VERSION = 5.0;
				TARGETED_DEVICE_FAMILY = "1,2";
			};
			name = Debug;
		};
		F137494924D99C52001277D7 /* Release */ = {
			isa = XCBuildConfiguration;
			buildSettings = {
				ASSETCATALOG_COMPILER_APPICON_NAME = AppIcon;
				CODE_SIGN_STYLE = Automatic;
				DEVELOPMENT_ASSET_PATHS = "\"SwiftUIParsingJSON/Preview Content\"";
				DEVELOPMENT_TEAM = V2CL8ZA4YA;
				ENABLE_PREVIEWS = YES;
				INFOPLIST_FILE = SwiftUIParsingJSON/Info.plist;
				LD_RUNPATH_SEARCH_PATHS = (
					"$(inherited)",
					"@executable_path/Frameworks",
				);
				PRODUCT_BUNDLE_IDENTIFIER = my.identifier.SwiftUIParsingJSON;
				PRODUCT_NAME = "$(TARGET_NAME)";
				SWIFT_VERSION = 5.0;
				TARGETED_DEVICE_FAMILY = "1,2";
			};
			name = Release;
		};
/* End XCBuildConfiguration section */

/* Begin XCConfigurationList section */
		F137492B24D99C4C001277D7 /* Build configuration list for PBXProject "SwiftUIParsingJSON" */ = {
			isa = XCConfigurationList;
			buildConfigurations = (
				F137494524D99C52001277D7 /* Debug */,
				F137494624D99C52001277D7 /* Release */,
			);
			defaultConfigurationIsVisible = 0;
			defaultConfigurationName = Release;
		};
		F137494724D99C52001277D7 /* Build configuration list for PBXNativeTarget "SwiftUIParsingJSON" */ = {
			isa = XCConfigurationList;
			buildConfigurations = (
				F137494824D99C52001277D7 /* Debug */,
				F137494924D99C52001277D7 /* Release */,
			);
			defaultConfigurationIsVisible = 0;
			defaultConfigurationName = Release;
		};
/* End XCConfigurationList section */

/* Begin XCVersionGroup section */
		F137493724D99C4C001277D7 /* SwiftUIParsingJSON.xcdatamodeld */ = {
			isa = XCVersionGroup;
			children = (
				F137493824D99C4C001277D7 /* SwiftUIParsingJSON.xcdatamodel */,
			);
			currentVersion = F137493824D99C4C001277D7 /* SwiftUIParsingJSON.xcdatamodel */;
			path = SwiftUIParsingJSON.xcdatamodeld;
			sourceTree = "<group>";
			versionGroupType = wrapper.xcdatamodel;
		};
/* End XCVersionGroup section */
	};
	rootObject = F137492824D99C4C001277D7 /* Project object */;
}
